
Microsoft Visual Studio Solution File, Format Version 12.00
# Visual Studio Version 16
VisualStudioVersion = 16.0.29609.76
MinimumVisualStudioVersion = 10.0.40219.1
Project("{FAE04EC0-301F-11D3-BF4B-00C04F79EFBC}") = "Ipotetic Inventory", "Ipotetic Inventory\Ipotetic Inventory.csproj", "{2ED86577-AC2B-4E25-BE9E-3A525A2A07F5}"
EndProject
Global
	GlobalSection(SolutionConfigurationPlatforms) = preSolution
		Debug|Any CPU = Debug|Any CPU
		Release|Any CPU = Release|Any CPU
	EndGlobalSection
	GlobalSection(ProjectConfigurationPlatforms) = postSolution
		{2ED86577-AC2B-4E25-BE9E-3A525A2A07F5}.Debug|Any CPU.ActiveCfg = Debug|Any CPU
		{2ED86577-AC2B-4E25-BE9E-3A525A2A07F5}.Debug|Any CPU.Build.0 = Debug|Any CPU
		{2ED86577-AC2B-4E25-BE9E-3A525A2A07F5}.Release|Any CPU.ActiveCfg = Release|Any CPU
		{2ED86577-AC2B-4E25-BE9E-3A525A2A07F5}.Release|Any CPU.Build.0 = Release|Any CPU
	EndGlobalSection
	GlobalSection(SolutionProperties) = preSolution
		HideSolutionNode = FALSE
	EndGlobalSection
	GlobalSection(ExtensibilityGlobals) = postSolution
		SolutionGuid = {DE257FCD-CA46-4A73-963F-B5141E7FA299}
	EndGlobalSection
EndGlobal
